
Microsoft Visual Studio Solution File, Format Version 12.00
# Visual Studio Version 17
VisualStudioVersion = 17.3.32901.215
MinimumVisualStudioVersion = 10.0.40219.1
Project("{FAE04EC0-301F-11D3-BF4B-00C04F79EFBC}") = "BlogProject_MaryLouiseAnhanceAbrena", "BlogProject_MaryLouiseAnhanceAbrena\BlogProject_MaryLouiseAnhanceAbrena.csproj", "{E7B8558E-56F0-4070-B18A-4FF09E789387}"
EndProject
Global
	GlobalSection(SolutionConfigurationPlatforms) = preSolution
		Debug|Any CPU = Debug|Any CPU
		Release|Any CPU = Release|Any CPU
	EndGlobalSection
	GlobalSection(ProjectConfigurationPlatforms) = postSolution
		{E7B8558E-56F0-4070-B18A-4FF09E789387}.Debug|Any CPU.ActiveCfg = Debug|Any CPU
		{E7B8558E-56F0-4070-B18A-4FF09E789387}.Debug|Any CPU.Build.0 = Debug|Any CPU
		{E7B8558E-56F0-4070-B18A-4FF09E789387}.Release|Any CPU.ActiveCfg = Release|Any CPU
		{E7B8558E-56F0-4070-B18A-4FF09E789387}.Release|Any CPU.Build.0 = Release|Any CPU
	EndGlobalSection
	GlobalSection(SolutionProperties) = preSolution
		HideSolutionNode = FALSE
	EndGlobalSection
	GlobalSection(ExtensibilityGlobals) = postSolution
		SolutionGuid = {265691E5-EB82-40D6-9223-D6FDD4F554AE}
	EndGlobalSection
EndGlobal
